<Solution>
  <Configurations>
    <Platform Name="x64" />
  </Configurations>
  <Project Path="BuildProcess/BuildProcess.vcxproj" Id="89951dcc-3e6d-409e-938c-cd29e252405e" />
  <Project Path="ConsoleInput/ConsoleInput.vcxproj" Id="b68f66a9-6473-4df4-8a1c-61bd69063e91" />
  <Project Path="ConsoleIO/ConsoleIO.vcxproj" Id="2171d648-dd7e-49f7-bdf0-c1f9138a2807" />
  <Project Path="Pointer/Pointer.vcxproj" Id="348e9832-8fc7-4b0d-98e9-d619b9aaf367" />
</Solution>
