<Solution>
  <Configurations>
    <Platform Name="x64" />
  </Configurations>
  <Project Path="AStar/AStar.vcxproj" Id="b86f1386-696f-4376-9867-c688fea35370" />
  <Project Path="AStarOptimize/AStarOptimize.vcxproj" Id="d6f57f6a-fe21-4053-b305-4fbfaed5d455" />
  <Project Path="AStarOptimizeCM/AStarOptimizeCM.vcxproj" Id="955c1fc0-4c6e-4a1a-8daa-052351fc52c5" />
  <Project Path="BinarySearch/BinarySearch.vcxproj" />
  <Project Path="BruteForce/BruteForce.vcxproj" />
  <Project Path="BubbleSort/BubbleSort.vcxproj" Id="f47627f9-7753-4fa0-a355-9d4b506d0a8a" />
  <Project Path="HeapSort/HeapSort.vcxproj" Id="2c522d50-59ab-42d1-b218-2856e8733871" />
  <Project Path="InsertionSort/InsertionSort.vcxproj" Id="3b541d5b-160b-4751-a9c2-61e24427798c" />
  <Project Path="QuadTree/QuadTree.vcxproj" Id="01f1278c-ff08-4344-a38d-66b93ba25d57" />
  <Project Path="QuickSort/QuickSort.vcxproj" Id="56eb87b4-680b-4713-b871-5115880bd66a" />
  <Project Path="Random/Random.vcxproj" />
  <Project Path="Recursive/Recursive.vcxproj" />
  <Project Path="SelectionSort/SelectionSort.vcxproj" Id="d0a2a343-4ba4-4800-b385-89d34ca2a64c" />
</Solution>
