<Solution>
  <Configurations>
    <Platform Name="x64" />
  </Configurations>
  <Project Path="BoxHead/BoxHead.vcxproj" Id="08933bfa-c012-4e6d-9b7a-8d832eb91453" />
  <Project Path="CraftEngine/CraftEngine.vcxproj" Id="c93d6b4a-ce57-4761-b099-0349334ec87e" />
  <Project Path="Game/Game.vcxproj" Id="cb292ecb-c591-4a20-898a-ee6b09dddf81">
    <BuildDependency Project="CraftEngine/CraftEngine.vcxproj" />
  </Project>
  <Project Path="ShootingGame/ShootingGame.vcxproj" Id="fa23939a-8e48-4d27-a253-405231dd8884" />
  <Project Path="SoundSystem/SoundSystem.vcxproj" Id="55fe9eb2-01b1-41ef-9bf0-26599de34a04" />
</Solution>
